// !$*UTF8*$!
{
	archiveVersion = 1;
	classes = {
	};
	objectVersion = 50;
	objects = {

/* Begin PBXBuildFile section */
		533B517723D9ACFD001CF3A5 /* NSManagedObjectContext+Query.swift in Sources */ = {isa = PBXBuildFile; fileRef = 533B517623D9ACFD001CF3A5 /* NSManagedObjectContext+Query.swift */; };
		533B517923D9AD0D001CF3A5 /* NSManageObject+Utils.swift in Sources */ = {isa = PBXBuildFile; fileRef = 533B517823D9AD0D001CF3A5 /* NSManageObject+Utils.swift */; };
		533B517B23D9AD26001CF3A5 /* CoreDataManager.swift in Sources */ = {isa = PBXBuildFile; fileRef = 533B517A23D9AD26001CF3A5 /* CoreDataManager.swift */; };
		533B517D23D9AD3B001CF3A5 /* CoreDataManageable.swift in Sources */ = {isa = PBXBuildFile; fileRef = 533B517C23D9AD3B001CF3A5 /* CoreDataManageable.swift */; };
		533B518223D9AFAB001CF3A5 /* DataConvertible.swift in Sources */ = {isa = PBXBuildFile; fileRef = 533B518123D9AFAB001CF3A5 /* DataConvertible.swift */; };
		533B518523D9AFF9001CF3A5 /* Provider.swift in Sources */ = {isa = PBXBuildFile; fileRef = 533B518423D9AFF9001CF3A5 /* Provider.swift */; };
		533B518723D9B057001CF3A5 /* UIApplication+Utils.swift in Sources */ = {isa = PBXBuildFile; fileRef = 533B518623D9B057001CF3A5 /* UIApplication+Utils.swift */; };
		533B518E23D9B16C001CF3A5 /* OpenFilePresenter.swift in Sources */ = {isa = PBXBuildFile; fileRef = 533B518923D9B16C001CF3A5 /* OpenFilePresenter.swift */; };
		533B518F23D9B16C001CF3A5 /* OpenFileRouter.swift in Sources */ = {isa = PBXBuildFile; fileRef = 533B518A23D9B16C001CF3A5 /* OpenFileRouter.swift */; };
		533B519023D9B16C001CF3A5 /* OpenFileModels.swift in Sources */ = {isa = PBXBuildFile; fileRef = 533B518B23D9B16C001CF3A5 /* OpenFileModels.swift */; };
		533B519123D9B16C001CF3A5 /* OpenFileViewController.swift in Sources */ = {isa = PBXBuildFile; fileRef = 533B518C23D9B16C001CF3A5 /* OpenFileViewController.swift */; };
		533B519223D9B16C001CF3A5 /* OpenFileBuilder.swift in Sources */ = {isa = PBXBuildFile; fileRef = 533B518D23D9B16C001CF3A5 /* OpenFileBuilder.swift */; };
		533B519423D9B8EF001CF3A5 /* loading-animation.json in Resources */ = {isa = PBXBuildFile; fileRef = 533B519323D9B8EF001CF3A5 /* loading-animation.json */; };
		533B519623D9BC32001CF3A5 /* UINavigationBar+Style.swift in Sources */ = {isa = PBXBuildFile; fileRef = 533B519523D9BC32001CF3A5 /* UINavigationBar+Style.swift */; };
		533B519A23D9BDC5001CF3A5 /* GetRecentFilesWorker.swift in Sources */ = {isa = PBXBuildFile; fileRef = 533B519823D9BDC5001CF3A5 /* GetRecentFilesWorker.swift */; };
		533B519B23D9BDC5001CF3A5 /* GetRecentFilesInteractor.swift in Sources */ = {isa = PBXBuildFile; fileRef = 533B519923D9BDC5001CF3A5 /* GetRecentFilesInteractor.swift */; };
		53E73951237EF526007E0D80 /* Cartfile.private in Resources */ = {isa = PBXBuildFile; fileRef = 53E7394F237EF526007E0D80 /* Cartfile.private */; };
		53E73952237EF526007E0D80 /* Cartfile in Resources */ = {isa = PBXBuildFile; fileRef = 53E73950237EF526007E0D80 /* Cartfile */; };
		53E73958237EF5F0007E0D80 /* UIColor+App.swift in Sources */ = {isa = PBXBuildFile; fileRef = 53E73955237EF5F0007E0D80 /* UIColor+App.swift */; };
		53E73959237EF5F0007E0D80 /* UIViewController+NavigarionBar.swift in Sources */ = {isa = PBXBuildFile; fileRef = 53E73956237EF5F0007E0D80 /* UIViewController+NavigarionBar.swift */; };
		53E7395A237EF5F0007E0D80 /* Data+Files.swift in Sources */ = {isa = PBXBuildFile; fileRef = 53E73957237EF5F0007E0D80 /* Data+Files.swift */; };
		53E73962237EF657007E0D80 /* BaseViewController.swift in Sources */ = {isa = PBXBuildFile; fileRef = 53E7395C237EF657007E0D80 /* BaseViewController.swift */; };
		53E73963237EF657007E0D80 /* BaseWorker.swift in Sources */ = {isa = PBXBuildFile; fileRef = 53E7395D237EF657007E0D80 /* BaseWorker.swift */; };
		53E73964237EF657007E0D80 /* BasePresenter.swift in Sources */ = {isa = PBXBuildFile; fileRef = 53E7395E237EF657007E0D80 /* BasePresenter.swift */; };
		53E73965237EF657007E0D80 /* BaseRouter.swift in Sources */ = {isa = PBXBuildFile; fileRef = 53E7395F237EF657007E0D80 /* BaseRouter.swift */; };
		53E73966237EF657007E0D80 /* BaseBuilder.swift in Sources */ = {isa = PBXBuildFile; fileRef = 53E73960237EF657007E0D80 /* BaseBuilder.swift */; };
		53E73967237EF657007E0D80 /* BaseInteractor.swift in Sources */ = {isa = PBXBuildFile; fileRef = 53E73961237EF657007E0D80 /* BaseInteractor.swift */; };
		53E7396D237EFCEB007E0D80 /* SplashRouter.swift in Sources */ = {isa = PBXBuildFile; fileRef = 53E73969237EFCEB007E0D80 /* SplashRouter.swift */; };
		53E7396E237EFCEB007E0D80 /* SplashBuilder.swift in Sources */ = {isa = PBXBuildFile; fileRef = 53E7396A237EFCEB007E0D80 /* SplashBuilder.swift */; };
		53E7396F237EFCEB007E0D80 /* SplashViewController.swift in Sources */ = {isa = PBXBuildFile; fileRef = 53E7396B237EFCEB007E0D80 /* SplashViewController.swift */; };
		53E73970237EFCEB007E0D80 /* SplashPresenter.swift in Sources */ = {isa = PBXBuildFile; fileRef = 53E7396C237EFCEB007E0D80 /* SplashPresenter.swift */; };
		53E73973237EFF5D007E0D80 /* Lottie.framework in Frameworks */ = {isa = PBXBuildFile; fileRef = 53E73972237EFF5D007E0D80 /* Lottie.framework */; };
		53E73974237EFF5D007E0D80 /* Lottie.framework in Embed Frameworks */ = {isa = PBXBuildFile; fileRef = 53E73972237EFF5D007E0D80 /* Lottie.framework */; settings = {ATTRIBUTES = (CodeSignOnCopy, RemoveHeadersOnCopy, ); }; };
		CCED63FE237C921900A1D8C0 /* AppDelegate.swift in Sources */ = {isa = PBXBuildFile; fileRef = CCED63FD237C921900A1D8C0 /* AppDelegate.swift */; };
		CCED6406237C921900A1D8C0 /* AssignmentDocu.xcdatamodeld in Sources */ = {isa = PBXBuildFile; fileRef = CCED6404237C921900A1D8C0 /* AssignmentDocu.xcdatamodeld */; };
		CCED6408237C921D00A1D8C0 /* Assets.xcassets in Resources */ = {isa = PBXBuildFile; fileRef = CCED6407237C921D00A1D8C0 /* Assets.xcassets */; };
		CCED640B237C921D00A1D8C0 /* LaunchScreen.storyboard in Resources */ = {isa = PBXBuildFile; fileRef = CCED6409237C921D00A1D8C0 /* LaunchScreen.storyboard */; };
		CCED6416237C921D00A1D8C0 /* AssignmentDocuTests.swift in Sources */ = {isa = PBXBuildFile; fileRef = CCED6415237C921D00A1D8C0 /* AssignmentDocuTests.swift */; };
		CCED6421237C921D00A1D8C0 /* AssignmentDocuUITests.swift in Sources */ = {isa = PBXBuildFile; fileRef = CCED6420237C921D00A1D8C0 /* AssignmentDocuUITests.swift */; };
/* End PBXBuildFile section */

/* Begin PBXContainerItemProxy section */
		CCED6412237C921D00A1D8C0 /* PBXContainerItemProxy */ = {
			isa = PBXContainerItemProxy;
			containerPortal = CCED63F2237C921900A1D8C0 /* Project object */;
			proxyType = 1;
			remoteGlobalIDString = CCED63F9237C921900A1D8C0;
			remoteInfo = AssignmentDocu;
		};
		CCED641D237C921D00A1D8C0 /* PBXContainerItemProxy */ = {
			isa = PBXContainerItemProxy;
			containerPortal = CCED63F2237C921900A1D8C0 /* Project object */;
			proxyType = 1;
			remoteGlobalIDString = CCED63F9237C921900A1D8C0;
			remoteInfo = AssignmentDocu;
		};
/* End PBXContainerItemProxy section */

/* Begin PBXCopyFilesBuildPhase section */
		53E73975237EFF5D007E0D80 /* Embed Frameworks */ = {
			isa = PBXCopyFilesBuildPhase;
			buildActionMask = 2147483647;
			dstPath = "";
			dstSubfolderSpec = 10;
			files = (
				53E73974237EFF5D007E0D80 /* Lottie.framework in Embed Frameworks */,
			);
			name = "Embed Frameworks";
			runOnlyForDeploymentPostprocessing = 0;
		};
/* End PBXCopyFilesBuildPhase section */

/* Begin PBXFileReference section */
		533B517623D9ACFD001CF3A5 /* NSManagedObjectContext+Query.swift */ = {isa = PBXFileReference; lastKnownFileType = sourcecode.swift; path = "NSManagedObjectContext+Query.swift"; sourceTree = "<group>"; };
		533B517823D9AD0D001CF3A5 /* NSManageObject+Utils.swift */ = {isa = PBXFileReference; lastKnownFileType = sourcecode.swift; path = "NSManageObject+Utils.swift"; sourceTree = "<group>"; };
		533B517A23D9AD26001CF3A5 /* CoreDataManager.swift */ = {isa = PBXFileReference; lastKnownFileType = sourcecode.swift; path = CoreDataManager.swift; sourceTree = "<group>"; };
		533B517C23D9AD3B001CF3A5 /* CoreDataManageable.swift */ = {isa = PBXFileReference; lastKnownFileType = sourcecode.swift; path = CoreDataManageable.swift; sourceTree = "<group>"; };
		533B518123D9AFAB001CF3A5 /* DataConvertible.swift */ = {isa = PBXFileReference; lastKnownFileType = sourcecode.swift; path = DataConvertible.swift; sourceTree = "<group>"; };
		533B518423D9AFF9001CF3A5 /* Provider.swift */ = {isa = PBXFileReference; lastKnownFileType = sourcecode.swift; path = Provider.swift; sourceTree = "<group>"; };
		533B518623D9B057001CF3A5 /* UIApplication+Utils.swift */ = {isa = PBXFileReference; lastKnownFileType = sourcecode.swift; path = "UIApplication+Utils.swift"; sourceTree = "<group>"; };
		533B518923D9B16C001CF3A5 /* OpenFilePresenter.swift */ = {isa = PBXFileReference; lastKnownFileType = sourcecode.swift; path = OpenFilePresenter.swift; sourceTree = "<group>"; };
		533B518A23D9B16C001CF3A5 /* OpenFileRouter.swift */ = {isa = PBXFileReference; lastKnownFileType = sourcecode.swift; path = OpenFileRouter.swift; sourceTree = "<group>"; };
		533B518B23D9B16C001CF3A5 /* OpenFileModels.swift */ = {isa = PBXFileReference; lastKnownFileType = sourcecode.swift; path = OpenFileModels.swift; sourceTree = "<group>"; };
		533B518C23D9B16C001CF3A5 /* OpenFileViewController.swift */ = {isa = PBXFileReference; lastKnownFileType = sourcecode.swift; path = OpenFileViewController.swift; sourceTree = "<group>"; };
		533B518D23D9B16C001CF3A5 /* OpenFileBuilder.swift */ = {isa = PBXFileReference; lastKnownFileType = sourcecode.swift; path = OpenFileBuilder.swift; sourceTree = "<group>"; };
		533B519323D9B8EF001CF3A5 /* loading-animation.json */ = {isa = PBXFileReference; fileEncoding = 4; lastKnownFileType = text.json; path = "loading-animation.json"; sourceTree = "<group>"; };
		533B519523D9BC32001CF3A5 /* UINavigationBar+Style.swift */ = {isa = PBXFileReference; lastKnownFileType = sourcecode.swift; path = "UINavigationBar+Style.swift"; sourceTree = "<group>"; };
		533B519823D9BDC5001CF3A5 /* GetRecentFilesWorker.swift */ = {isa = PBXFileReference; lastKnownFileType = sourcecode.swift; path = GetRecentFilesWorker.swift; sourceTree = "<group>"; };
		533B519923D9BDC5001CF3A5 /* GetRecentFilesInteractor.swift */ = {isa = PBXFileReference; lastKnownFileType = sourcecode.swift; path = GetRecentFilesInteractor.swift; sourceTree = "<group>"; };
		53E7394F237EF526007E0D80 /* Cartfile.private */ = {isa = PBXFileReference; lastKnownFileType = text; path = Cartfile.private; sourceTree = SOURCE_ROOT; };
		53E73950237EF526007E0D80 /* Cartfile */ = {isa = PBXFileReference; fileEncoding = 4; lastKnownFileType = text; path = Cartfile; sourceTree = SOURCE_ROOT; };
		53E73955237EF5F0007E0D80 /* UIColor+App.swift */ = {isa = PBXFileReference; fileEncoding = 4; lastKnownFileType = sourcecode.swift; path = "UIColor+App.swift"; sourceTree = "<group>"; };
		53E73956237EF5F0007E0D80 /* UIViewController+NavigarionBar.swift */ = {isa = PBXFileReference; fileEncoding = 4; lastKnownFileType = sourcecode.swift; path = "UIViewController+NavigarionBar.swift"; sourceTree = "<group>"; };
		53E73957237EF5F0007E0D80 /* Data+Files.swift */ = {isa = PBXFileReference; fileEncoding = 4; lastKnownFileType = sourcecode.swift; path = "Data+Files.swift"; sourceTree = "<group>"; };
		53E7395C237EF657007E0D80 /* BaseViewController.swift */ = {isa = PBXFileReference; fileEncoding = 4; lastKnownFileType = sourcecode.swift; path = BaseViewController.swift; sourceTree = "<group>"; };
		53E7395D237EF657007E0D80 /* BaseWorker.swift */ = {isa = PBXFileReference; fileEncoding = 4; lastKnownFileType = sourcecode.swift; path = BaseWorker.swift; sourceTree = "<group>"; };
		53E7395E237EF657007E0D80 /* BasePresenter.swift */ = {isa = PBXFileReference; fileEncoding = 4; lastKnownFileType = sourcecode.swift; path = BasePresenter.swift; sourceTree = "<group>"; };
		53E7395F237EF657007E0D80 /* BaseRouter.swift */ = {isa = PBXFileReference; fileEncoding = 4; lastKnownFileType = sourcecode.swift; path = BaseRouter.swift; sourceTree = "<group>"; };
		53E73960237EF657007E0D80 /* BaseBuilder.swift */ = {isa = PBXFileReference; fileEncoding = 4; lastKnownFileType = sourcecode.swift; path = BaseBuilder.swift; sourceTree = "<group>"; };
		53E73961237EF657007E0D80 /* BaseInteractor.swift */ = {isa = PBXFileReference; fileEncoding = 4; lastKnownFileType = sourcecode.swift; path = BaseInteractor.swift; sourceTree = "<group>"; };
		53E73969237EFCEB007E0D80 /* SplashRouter.swift */ = {isa = PBXFileReference; fileEncoding = 4; lastKnownFileType = sourcecode.swift; path = SplashRouter.swift; sourceTree = "<group>"; };
		53E7396A237EFCEB007E0D80 /* SplashBuilder.swift */ = {isa = PBXFileReference; fileEncoding = 4; lastKnownFileType = sourcecode.swift; path = SplashBuilder.swift; sourceTree = "<group>"; };
		53E7396B237EFCEB007E0D80 /* SplashViewController.swift */ = {isa = PBXFileReference; fileEncoding = 4; lastKnownFileType = sourcecode.swift; path = SplashViewController.swift; sourceTree = "<group>"; };
		53E7396C237EFCEB007E0D80 /* SplashPresenter.swift */ = {isa = PBXFileReference; fileEncoding = 4; lastKnownFileType = sourcecode.swift; path = SplashPresenter.swift; sourceTree = "<group>"; };
		53E73972237EFF5D007E0D80 /* Lottie.framework */ = {isa = PBXFileReference; lastKnownFileType = wrapper.framework; name = Lottie.framework; path = Carthage/Build/iOS/Lottie.framework; sourceTree = "<group>"; };
		CCED63FA237C921900A1D8C0 /* AssignmentDocu.app */ = {isa = PBXFileReference; explicitFileType = wrapper.application; includeInIndex = 0; path = AssignmentDocu.app; sourceTree = BUILT_PRODUCTS_DIR; };
		CCED63FD237C921900A1D8C0 /* AppDelegate.swift */ = {isa = PBXFileReference; lastKnownFileType = sourcecode.swift; path = AppDelegate.swift; sourceTree = "<group>"; };
		CCED6405237C921900A1D8C0 /* AssignmentDocu.xcdatamodel */ = {isa = PBXFileReference; lastKnownFileType = wrapper.xcdatamodel; path = AssignmentDocu.xcdatamodel; sourceTree = "<group>"; };
		CCED6407237C921D00A1D8C0 /* Assets.xcassets */ = {isa = PBXFileReference; lastKnownFileType = folder.assetcatalog; path = Assets.xcassets; sourceTree = "<group>"; };
		CCED640A237C921D00A1D8C0 /* Base */ = {isa = PBXFileReference; lastKnownFileType = file.storyboard; name = Base; path = Base.lproj/LaunchScreen.storyboard; sourceTree = "<group>"; };
		CCED640C237C921D00A1D8C0 /* Info.plist */ = {isa = PBXFileReference; lastKnownFileType = text.plist.xml; path = Info.plist; sourceTree = "<group>"; };
		CCED6411237C921D00A1D8C0 /* AssignmentDocuTests.xctest */ = {isa = PBXFileReference; explicitFileType = wrapper.cfbundle; includeInIndex = 0; path = AssignmentDocuTests.xctest; sourceTree = BUILT_PRODUCTS_DIR; };
		CCED6415237C921D00A1D8C0 /* AssignmentDocuTests.swift */ = {isa = PBXFileReference; lastKnownFileType = sourcecode.swift; path = AssignmentDocuTests.swift; sourceTree = "<group>"; };
		CCED6417237C921D00A1D8C0 /* Info.plist */ = {isa = PBXFileReference; lastKnownFileType = text.plist.xml; path = Info.plist; sourceTree = "<group>"; };
		CCED641C237C921D00A1D8C0 /* AssignmentDocuUITests.xctest */ = {isa = PBXFileReference; explicitFileType = wrapper.cfbundle; includeInIndex = 0; path = AssignmentDocuUITests.xctest; sourceTree = BUILT_PRODUCTS_DIR; };
		CCED6420237C921D00A1D8C0 /* AssignmentDocuUITests.swift */ = {isa = PBXFileReference; lastKnownFileType = sourcecode.swift; path = AssignmentDocuUITests.swift; sourceTree = "<group>"; };
		CCED6422237C921D00A1D8C0 /* Info.plist */ = {isa = PBXFileReference; lastKnownFileType = text.plist.xml; path = Info.plist; sourceTree = "<group>"; };
/* End PBXFileReference section */

/* Begin PBXFrameworksBuildPhase section */
		CCED63F7237C921900A1D8C0 /* Frameworks */ = {
			isa = PBXFrameworksBuildPhase;
			buildActionMask = 2147483647;
			files = (
				53E73973237EFF5D007E0D80 /* Lottie.framework in Frameworks */,
			);
			runOnlyForDeploymentPostprocessing = 0;
		};
		CCED640E237C921D00A1D8C0 /* Frameworks */ = {
			isa = PBXFrameworksBuildPhase;
			buildActionMask = 2147483647;
			files = (
			);
			runOnlyForDeploymentPostprocessing = 0;
		};
		CCED6419237C921D00A1D8C0 /* Frameworks */ = {
			isa = PBXFrameworksBuildPhase;
			buildActionMask = 2147483647;
			files = (
			);
			runOnlyForDeploymentPostprocessing = 0;
		};
/* End PBXFrameworksBuildPhase section */

/* Begin PBXGroup section */
		533B517423D9ACAB001CF3A5 /* Managers */ = {
			isa = PBXGroup;
			children = (
				533B517523D9ACBF001CF3A5 /* CoreData */,
			);
			path = Managers;
			sourceTree = "<group>";
		};
		533B517523D9ACBF001CF3A5 /* CoreData */ = {
			isa = PBXGroup;
			children = (
				533B517C23D9AD3B001CF3A5 /* CoreDataManageable.swift */,
				533B517A23D9AD26001CF3A5 /* CoreDataManager.swift */,
				533B517823D9AD0D001CF3A5 /* NSManageObject+Utils.swift */,
				533B517623D9ACFD001CF3A5 /* NSManagedObjectContext+Query.swift */,
			);
			path = CoreData;
			sourceTree = "<group>";
		};
		533B517E23D9AF69001CF3A5 /* CoreData */ = {
			isa = PBXGroup;
			children = (
				CCED6404237C921900A1D8C0 /* AssignmentDocu.xcdatamodeld */,
			);
			path = CoreData;
			sourceTree = "<group>";
		};
		533B517F23D9AF7C001CF3A5 /* Domain */ = {
			isa = PBXGroup;
			children = (
			);
			path = Domain;
			sourceTree = "<group>";
		};
		533B518023D9AF93001CF3A5 /* Helpers */ = {
			isa = PBXGroup;
			children = (
				533B518123D9AFAB001CF3A5 /* DataConvertible.swift */,
			);
			path = Helpers;
			sourceTree = "<group>";
		};
		533B518323D9AFE8001CF3A5 /* Providers */ = {
			isa = PBXGroup;
			children = (
				533B518423D9AFF9001CF3A5 /* Provider.swift */,
			);
			path = Providers;
			sourceTree = "<group>";
		};
		533B518823D9B144001CF3A5 /* Open File */ = {
			isa = PBXGroup;
			children = (
				533B518D23D9B16C001CF3A5 /* OpenFileBuilder.swift */,
				533B518B23D9B16C001CF3A5 /* OpenFileModels.swift */,
				533B518923D9B16C001CF3A5 /* OpenFilePresenter.swift */,
				533B518A23D9B16C001CF3A5 /* OpenFileRouter.swift */,
				533B518C23D9B16C001CF3A5 /* OpenFileViewController.swift */,
			);
			path = "Open File";
			sourceTree = "<group>";
		};
		533B519723D9BD98001CF3A5 /* Recent Files */ = {
			isa = PBXGroup;
			children = (
				533B519823D9BDC5001CF3A5 /* GetRecentFilesWorker.swift */,
				533B519923D9BDC5001CF3A5 /* GetRecentFilesInteractor.swift */,
			);
			path = "Recent Files";
			sourceTree = "<group>";
		};
		53E73949237EF47B007E0D80 /* App */ = {
			isa = PBXGroup;
			children = (
				533B518323D9AFE8001CF3A5 /* Providers */,
				CCED63FD237C921900A1D8C0 /* AppDelegate.swift */,
				533B518623D9B057001CF3A5 /* UIApplication+Utils.swift */,
			);
			path = App;
			sourceTree = "<group>";
		};
		53E7394A237EF487007E0D80 /* Common */ = {
			isa = PBXGroup;
			children = (
				533B517423D9ACAB001CF3A5 /* Managers */,
				53E73954237EF5C5007E0D80 /* Extensions */,
				53E7395B237EF616007E0D80 /* BaseComponents */,
			);
			path = Common;
			sourceTree = "<group>";
		};
		53E7394B237EF492007E0D80 /* Core */ = {
			isa = PBXGroup;
			children = (
				533B519723D9BD98001CF3A5 /* Recent Files */,
				533B517E23D9AF69001CF3A5 /* CoreData */,
				533B517F23D9AF7C001CF3A5 /* Domain */,
				533B518023D9AF93001CF3A5 /* Helpers */,
			);
			path = Core;
			sourceTree = "<group>";
		};
		53E7394C237EF4A6007E0D80 /* Modules */ = {
			isa = PBXGroup;
			children = (
				533B518823D9B144001CF3A5 /* Open File */,
				53E73968237EFC7B007E0D80 /* Splash */,
			);
			path = Modules;
			sourceTree = "<group>";
		};
		53E7394D237EF4B1007E0D80 /* Resources */ = {
			isa = PBXGroup;
			children = (
				53E73953237EF53D007E0D80 /* Animations */,
				CCED6407237C921D00A1D8C0 /* Assets.xcassets */,
			);
			path = Resources;
			sourceTree = "<group>";
		};
		53E7394E237EF4BA007E0D80 /* SupportingFiles */ = {
			isa = PBXGroup;
			children = (
				53E73950237EF526007E0D80 /* Cartfile */,
				53E7394F237EF526007E0D80 /* Cartfile.private */,
				CCED6409237C921D00A1D8C0 /* LaunchScreen.storyboard */,
				CCED640C237C921D00A1D8C0 /* Info.plist */,
			);
			path = SupportingFiles;
			sourceTree = "<group>";
		};
		53E73953237EF53D007E0D80 /* Animations */ = {
			isa = PBXGroup;
			children = (
				533B519323D9B8EF001CF3A5 /* loading-animation.json */,
			);
			path = Animations;
			sourceTree = "<group>";
		};
		53E73954237EF5C5007E0D80 /* Extensions */ = {
			isa = PBXGroup;
			children = (
				53E73957237EF5F0007E0D80 /* Data+Files.swift */,
				53E73955237EF5F0007E0D80 /* UIColor+App.swift */,
				53E73956237EF5F0007E0D80 /* UIViewController+NavigarionBar.swift */,
				533B519523D9BC32001CF3A5 /* UINavigationBar+Style.swift */,
			);
			path = Extensions;
			sourceTree = "<group>";
		};
		53E7395B237EF616007E0D80 /* BaseComponents */ = {
			isa = PBXGroup;
			children = (
				53E73960237EF657007E0D80 /* BaseBuilder.swift */,
				53E73961237EF657007E0D80 /* BaseInteractor.swift */,
				53E7395E237EF657007E0D80 /* BasePresenter.swift */,
				53E7395F237EF657007E0D80 /* BaseRouter.swift */,
				53E7395C237EF657007E0D80 /* BaseViewController.swift */,
				53E7395D237EF657007E0D80 /* BaseWorker.swift */,
			);
			path = BaseComponents;
			sourceTree = "<group>";
		};
		53E73968237EFC7B007E0D80 /* Splash */ = {
			isa = PBXGroup;
			children = (
				53E7396A237EFCEB007E0D80 /* SplashBuilder.swift */,
				53E7396C237EFCEB007E0D80 /* SplashPresenter.swift */,
				53E73969237EFCEB007E0D80 /* SplashRouter.swift */,
				53E7396B237EFCEB007E0D80 /* SplashViewController.swift */,
			);
			path = Splash;
			sourceTree = "<group>";
		};
		53E73971237EFF5D007E0D80 /* Frameworks */ = {
			isa = PBXGroup;
			children = (
				53E73972237EFF5D007E0D80 /* Lottie.framework */,
			);
			name = Frameworks;
			sourceTree = "<group>";
		};
		CCED63F1237C921900A1D8C0 = {
			isa = PBXGroup;
			children = (
				CCED63FC237C921900A1D8C0 /* AssignmentDocu */,
				CCED6414237C921D00A1D8C0 /* AssignmentDocuTests */,
				CCED641F237C921D00A1D8C0 /* AssignmentDocuUITests */,
				CCED63FB237C921900A1D8C0 /* Products */,
				53E73971237EFF5D007E0D80 /* Frameworks */,
			);
			sourceTree = "<group>";
		};
		CCED63FB237C921900A1D8C0 /* Products */ = {
			isa = PBXGroup;
			children = (
				CCED63FA237C921900A1D8C0 /* AssignmentDocu.app */,
				CCED6411237C921D00A1D8C0 /* AssignmentDocuTests.xctest */,
				CCED641C237C921D00A1D8C0 /* AssignmentDocuUITests.xctest */,
			);
			name = Products;
			sourceTree = "<group>";
		};
		CCED63FC237C921900A1D8C0 /* AssignmentDocu */ = {
			isa = PBXGroup;
			children = (
				53E73949237EF47B007E0D80 /* App */,
				53E7394A237EF487007E0D80 /* Common */,
				53E7394B237EF492007E0D80 /* Core */,
				53E7394C237EF4A6007E0D80 /* Modules */,
				53E7394D237EF4B1007E0D80 /* Resources */,
				53E7394E237EF4BA007E0D80 /* SupportingFiles */,
			);
			path = AssignmentDocu;
			sourceTree = "<group>";
		};
		CCED6414237C921D00A1D8C0 /* AssignmentDocuTests */ = {
			isa = PBXGroup;
			children = (
				CCED6415237C921D00A1D8C0 /* AssignmentDocuTests.swift */,
				CCED6417237C921D00A1D8C0 /* Info.plist */,
			);
			path = AssignmentDocuTests;
			sourceTree = "<group>";
		};
		CCED641F237C921D00A1D8C0 /* AssignmentDocuUITests */ = {
			isa = PBXGroup;
			children = (
				CCED6420237C921D00A1D8C0 /* AssignmentDocuUITests.swift */,
				CCED6422237C921D00A1D8C0 /* Info.plist */,
			);
			path = AssignmentDocuUITests;
			sourceTree = "<group>";
		};
/* End PBXGroup section */

/* Begin PBXNativeTarget section */
		CCED63F9237C921900A1D8C0 /* AssignmentDocu */ = {
			isa = PBXNativeTarget;
			buildConfigurationList = CCED6425237C921D00A1D8C0 /* Build configuration list for PBXNativeTarget "AssignmentDocu" */;
			buildPhases = (
				CCED63F6237C921900A1D8C0 /* Sources */,
				CCED63F7237C921900A1D8C0 /* Frameworks */,
				CCED63F8237C921900A1D8C0 /* Resources */,
				53E73975237EFF5D007E0D80 /* Embed Frameworks */,
			);
			buildRules = (
			);
			dependencies = (
			);
			name = AssignmentDocu;
			productName = AssignmentDocu;
			productReference = CCED63FA237C921900A1D8C0 /* AssignmentDocu.app */;
			productType = "com.apple.product-type.application";
		};
		CCED6410237C921D00A1D8C0 /* AssignmentDocuTests */ = {
			isa = PBXNativeTarget;
			buildConfigurationList = CCED6428237C921D00A1D8C0 /* Build configuration list for PBXNativeTarget "AssignmentDocuTests" */;
			buildPhases = (
				CCED640D237C921D00A1D8C0 /* Sources */,
				CCED640E237C921D00A1D8C0 /* Frameworks */,
				CCED640F237C921D00A1D8C0 /* Resources */,
			);
			buildRules = (
			);
			dependencies = (
				CCED6413237C921D00A1D8C0 /* PBXTargetDependency */,
			);
			name = AssignmentDocuTests;
			productName = AssignmentDocuTests;
			productReference = CCED6411237C921D00A1D8C0 /* AssignmentDocuTests.xctest */;
			productType = "com.apple.product-type.bundle.unit-test";
		};
		CCED641B237C921D00A1D8C0 /* AssignmentDocuUITests */ = {
			isa = PBXNativeTarget;
			buildConfigurationList = CCED642B237C921D00A1D8C0 /* Build configuration list for PBXNativeTarget "AssignmentDocuUITests" */;
			buildPhases = (
				CCED6418237C921D00A1D8C0 /* Sources */,
				CCED6419237C921D00A1D8C0 /* Frameworks */,
				CCED641A237C921D00A1D8C0 /* Resources */,
			);
			buildRules = (
			);
			dependencies = (
				CCED641E237C921D00A1D8C0 /* PBXTargetDependency */,
			);
			name = AssignmentDocuUITests;
			productName = AssignmentDocuUITests;
			productReference = CCED641C237C921D00A1D8C0 /* AssignmentDocuUITests.xctest */;
			productType = "com.apple.product-type.bundle.ui-testing";
		};
/* End PBXNativeTarget section */

/* Begin PBXProject section */
		CCED63F2237C921900A1D8C0 /* Project object */ = {
			isa = PBXProject;
			attributes = {
				LastSwiftUpdateCheck = 1010;
				LastUpgradeCheck = 1010;
				ORGANIZATIONNAME = "Gustavo Iglesias";
				TargetAttributes = {
					CCED63F9237C921900A1D8C0 = {
						CreatedOnToolsVersion = 10.1;
					};
					CCED6410237C921D00A1D8C0 = {
						CreatedOnToolsVersion = 10.1;
						TestTargetID = CCED63F9237C921900A1D8C0;
					};
					CCED641B237C921D00A1D8C0 = {
						CreatedOnToolsVersion = 10.1;
						TestTargetID = CCED63F9237C921900A1D8C0;
					};
				};
			};
			buildConfigurationList = CCED63F5237C921900A1D8C0 /* Build configuration list for PBXProject "AssignmentDocu" */;
			compatibilityVersion = "Xcode 9.3";
			developmentRegion = en;
			hasScannedForEncodings = 0;
			knownRegions = (
				en,
				Base,
			);
			mainGroup = CCED63F1237C921900A1D8C0;
			productRefGroup = CCED63FB237C921900A1D8C0 /* Products */;
			projectDirPath = "";
			projectRoot = "";
			targets = (
				CCED63F9237C921900A1D8C0 /* AssignmentDocu */,
				CCED6410237C921D00A1D8C0 /* AssignmentDocuTests */,
				CCED641B237C921D00A1D8C0 /* AssignmentDocuUITests */,
			);
		};
/* End PBXProject section */

/* Begin PBXResourcesBuildPhase section */
		CCED63F8237C921900A1D8C0 /* Resources */ = {
			isa = PBXResourcesBuildPhase;
			buildActionMask = 2147483647;
			files = (
				53E73952237EF526007E0D80 /* Cartfile in Resources */,
				533B519423D9B8EF001CF3A5 /* loading-animation.json in Resources */,
				CCED640B237C921D00A1D8C0 /* LaunchScreen.storyboard in Resources */,
				CCED6408237C921D00A1D8C0 /* Assets.xcassets in Resources */,
				53E73951237EF526007E0D80 /* Cartfile.private in Resources */,
			);
			runOnlyForDeploymentPostprocessing = 0;
		};
		CCED640F237C921D00A1D8C0 /* Resources */ = {
			isa = PBXResourcesBuildPhase;
			buildActionMask = 2147483647;
			files = (
			);
			runOnlyForDeploymentPostprocessing = 0;
		};
		CCED641A237C921D00A1D8C0 /* Resources */ = {
			isa = PBXResourcesBuildPhase;
			buildActionMask = 2147483647;
			files = (
			);
			runOnlyForDeploymentPostprocessing = 0;
		};
/* End PBXResourcesBuildPhase section */

/* Begin PBXSourcesBuildPhase section */
		CCED63F6237C921900A1D8C0 /* Sources */ = {
			isa = PBXSourcesBuildPhase;
			buildActionMask = 2147483647;
			files = (
				533B519B23D9BDC5001CF3A5 /* GetRecentFilesInteractor.swift in Sources */,
				53E73963237EF657007E0D80 /* BaseWorker.swift in Sources */,
				53E73964237EF657007E0D80 /* BasePresenter.swift in Sources */,
				533B519A23D9BDC5001CF3A5 /* GetRecentFilesWorker.swift in Sources */,
				533B519023D9B16C001CF3A5 /* OpenFileModels.swift in Sources */,
				53E7396D237EFCEB007E0D80 /* SplashRouter.swift in Sources */,
				53E73970237EFCEB007E0D80 /* SplashPresenter.swift in Sources */,
				533B517D23D9AD3B001CF3A5 /* CoreDataManageable.swift in Sources */,
				53E73959237EF5F0007E0D80 /* UIViewController+NavigarionBar.swift in Sources */,
				53E73958237EF5F0007E0D80 /* UIColor+App.swift in Sources */,
				533B517B23D9AD26001CF3A5 /* CoreDataManager.swift in Sources */,
				53E73967237EF657007E0D80 /* BaseInteractor.swift in Sources */,
				533B519123D9B16C001CF3A5 /* OpenFileViewController.swift in Sources */,
				53E73966237EF657007E0D80 /* BaseBuilder.swift in Sources */,
				533B519223D9B16C001CF3A5 /* OpenFileBuilder.swift in Sources */,
				533B518723D9B057001CF3A5 /* UIApplication+Utils.swift in Sources */,
				533B517923D9AD0D001CF3A5 /* NSManageObject+Utils.swift in Sources */,
				533B517723D9ACFD001CF3A5 /* NSManagedObjectContext+Query.swift in Sources */,
				53E7395A237EF5F0007E0D80 /* Data+Files.swift in Sources */,
				53E7396F237EFCEB007E0D80 /* SplashViewController.swift in Sources */,
				CCED6406237C921900A1D8C0 /* AssignmentDocu.xcdatamodeld in Sources */,
				533B518E23D9B16C001CF3A5 /* OpenFilePresenter.swift in Sources */,
				533B518223D9AFAB001CF3A5 /* DataConvertible.swift in Sources */,
				533B519623D9BC32001CF3A5 /* UINavigationBar+Style.swift in Sources */,
				533B518F23D9B16C001CF3A5 /* OpenFileRouter.swift in Sources */,
				533B518523D9AFF9001CF3A5 /* Provider.swift in Sources */,
				53E73965237EF657007E0D80 /* BaseRouter.swift in Sources */,
				53E73962237EF657007E0D80 /* BaseViewController.swift in Sources */,
				53E7396E237EFCEB007E0D80 /* SplashBuilder.swift in Sources */,
				CCED63FE237C921900A1D8C0 /* AppDelegate.swift in Sources */,
			);
			runOnlyForDeploymentPostprocessing = 0;
		};
		CCED640D237C921D00A1D8C0 /* Sources */ = {
			isa = PBXSourcesBuildPhase;
			buildActionMask = 2147483647;
			files = (
				CCED6416237C921D00A1D8C0 /* AssignmentDocuTests.swift in Sources */,
			);
			runOnlyForDeploymentPostprocessing = 0;
		};
		CCED6418237C921D00A1D8C0 /* Sources */ = {
			isa = PBXSourcesBuildPhase;
			buildActionMask = 2147483647;
			files = (
				CCED6421237C921D00A1D8C0 /* AssignmentDocuUITests.swift in Sources */,
			);
			runOnlyForDeploymentPostprocessing = 0;
		};
/* End PBXSourcesBuildPhase section */

/* Begin PBXTargetDependency section */
		CCED6413237C921D00A1D8C0 /* PBXTargetDependency */ = {
			isa = PBXTargetDependency;
			target = CCED63F9237C921900A1D8C0 /* AssignmentDocu */;
			targetProxy = CCED6412237C921D00A1D8C0 /* PBXContainerItemProxy */;
		};
		CCED641E237C921D00A1D8C0 /* PBXTargetDependency */ = {
			isa = PBXTargetDependency;
			target = CCED63F9237C921900A1D8C0 /* AssignmentDocu */;
			targetProxy = CCED641D237C921D00A1D8C0 /* PBXContainerItemProxy */;
		};
/* End PBXTargetDependency section */

/* Begin PBXVariantGroup section */
		CCED6409237C921D00A1D8C0 /* LaunchScreen.storyboard */ = {
			isa = PBXVariantGroup;
			children = (
				CCED640A237C921D00A1D8C0 /* Base */,
			);
			name = LaunchScreen.storyboard;
			sourceTree = "<group>";
		};
/* End PBXVariantGroup section */

/* Begin XCBuildConfiguration section */
		CCED6423237C921D00A1D8C0 /* Debug */ = {
			isa = XCBuildConfiguration;
			buildSettings = {
				ALWAYS_SEARCH_USER_PATHS = NO;
				CLANG_ANALYZER_NONNULL = YES;
				CLANG_ANALYZER_NUMBER_OBJECT_CONVERSION = YES_AGGRESSIVE;
				CLANG_CXX_LANGUAGE_STANDARD = "gnu++14";
				CLANG_CXX_LIBRARY = "libc++";
				CLANG_ENABLE_MODULES = YES;
				CLANG_ENABLE_OBJC_ARC = YES;
				CLANG_ENABLE_OBJC_WEAK = YES;
				CLANG_WARN_BLOCK_CAPTURE_AUTORELEASING = YES;
				CLANG_WARN_BOOL_CONVERSION = YES;
				CLANG_WARN_COMMA = YES;
				CLANG_WARN_CONSTANT_CONVERSION = YES;
				CLANG_WARN_DEPRECATED_OBJC_IMPLEMENTATIONS = YES;
				CLANG_WARN_DIRECT_OBJC_ISA_USAGE = YES_ERROR;
				CLANG_WARN_DOCUMENTATION_COMMENTS = YES;
				CLANG_WARN_EMPTY_BODY = YES;
				CLANG_WARN_ENUM_CONVERSION = YES;
				CLANG_WARN_INFINITE_RECURSION = YES;
				CLANG_WARN_INT_CONVERSION = YES;
				CLANG_WARN_NON_LITERAL_NULL_CONVERSION = YES;
				CLANG_WARN_OBJC_IMPLICIT_RETAIN_SELF = YES;
				CLANG_WARN_OBJC_LITERAL_CONVERSION = YES;
				CLANG_WARN_OBJC_ROOT_CLASS = YES_ERROR;
				CLANG_WARN_RANGE_LOOP_ANALYSIS = YES;
				CLANG_WARN_STRICT_PROTOTYPES = YES;
				CLANG_WARN_SUSPICIOUS_MOVE = YES;
				CLANG_WARN_UNGUARDED_AVAILABILITY = YES_AGGRESSIVE;
				CLANG_WARN_UNREACHABLE_CODE = YES;
				CLANG_WARN__DUPLICATE_METHOD_MATCH = YES;
				CODE_SIGN_IDENTITY = "iPhone Developer";
				COPY_PHASE_STRIP = NO;
				DEBUG_INFORMATION_FORMAT = dwarf;
				ENABLE_STRICT_OBJC_MSGSEND = YES;
				ENABLE_TESTABILITY = YES;
				GCC_C_LANGUAGE_STANDARD = gnu11;
				GCC_DYNAMIC_NO_PIC = NO;
				GCC_NO_COMMON_BLOCKS = YES;
				GCC_OPTIMIZATION_LEVEL = 0;
				GCC_PREPROCESSOR_DEFINITIONS = (
					"DEBUG=1",
					"$(inherited)",
				);
				GCC_WARN_64_TO_32_BIT_CONVERSION = YES;
				GCC_WARN_ABOUT_RETURN_TYPE = YES_ERROR;
				GCC_WARN_UNDECLARED_SELECTOR = YES;
				GCC_WARN_UNINITIALIZED_AUTOS = YES_AGGRESSIVE;
				GCC_WARN_UNUSED_FUNCTION = YES;
				GCC_WARN_UNUSED_VARIABLE = YES;
				IPHONEOS_DEPLOYMENT_TARGET = 12.1;
				MTL_ENABLE_DEBUG_INFO = INCLUDE_SOURCE;
				MTL_FAST_MATH = YES;
				ONLY_ACTIVE_ARCH = YES;
				SDKROOT = iphoneos;
				SWIFT_ACTIVE_COMPILATION_CONDITIONS = DEBUG;
				SWIFT_OPTIMIZATION_LEVEL = "-Onone";
			};
			name = Debug;
		};
		CCED6424237C921D00A1D8C0 /* Release */ = {
			isa = XCBuildConfiguration;
			buildSettings = {
				ALWAYS_SEARCH_USER_PATHS = NO;
				CLANG_ANALYZER_NONNULL = YES;
				CLANG_ANALYZER_NUMBER_OBJECT_CONVERSION = YES_AGGRESSIVE;
				CLANG_CXX_LANGUAGE_STANDARD = "gnu++14";
				CLANG_CXX_LIBRARY = "libc++";
				CLANG_ENABLE_MODULES = YES;
				CLANG_ENABLE_OBJC_ARC = YES;
				CLANG_ENABLE_OBJC_WEAK = YES;
				CLANG_WARN_BLOCK_CAPTURE_AUTORELEASING = YES;
				CLANG_WARN_BOOL_CONVERSION = YES;
				CLANG_WARN_COMMA = YES;
				CLANG_WARN_CONSTANT_CONVERSION = YES;
				CLANG_WARN_DEPRECATED_OBJC_IMPLEMENTATIONS = YES;
				CLANG_WARN_DIRECT_OBJC_ISA_USAGE = YES_ERROR;
				CLANG_WARN_DOCUMENTATION_COMMENTS = YES;
				CLANG_WARN_EMPTY_BODY = YES;
				CLANG_WARN_ENUM_CONVERSION = YES;
				CLANG_WARN_INFINITE_RECURSION = YES;
				CLANG_WARN_INT_CONVERSION = YES;
				CLANG_WARN_NON_LITERAL_NULL_CONVERSION = YES;
				CLANG_WARN_OBJC_IMPLICIT_RETAIN_SELF = YES;
				CLANG_WARN_OBJC_LITERAL_CONVERSION = YES;
				CLANG_WARN_OBJC_ROOT_CLASS = YES_ERROR;
				CLANG_WARN_RANGE_LOOP_ANALYSIS = YES;
				CLANG_WARN_STRICT_PROTOTYPES = YES;
				CLANG_WARN_SUSPICIOUS_MOVE = YES;
				CLANG_WARN_UNGUARDED_AVAILABILITY = YES_AGGRESSIVE;
				CLANG_WARN_UNREACHABLE_CODE = YES;
				CLANG_WARN__DUPLICATE_METHOD_MATCH = YES;
				CODE_SIGN_IDENTITY = "iPhone Developer";
				COPY_PHASE_STRIP = NO;
				DEBUG_INFORMATION_FORMAT = "dwarf-with-dsym";
				ENABLE_NS_ASSERTIONS = NO;
				ENABLE_STRICT_OBJC_MSGSEND = YES;
				GCC_C_LANGUAGE_STANDARD = gnu11;
				GCC_NO_COMMON_BLOCKS = YES;
				GCC_WARN_64_TO_32_BIT_CONVERSION = YES;
				GCC_WARN_ABOUT_RETURN_TYPE = YES_ERROR;
				GCC_WARN_UNDECLARED_SELECTOR = YES;
				GCC_WARN_UNINITIALIZED_AUTOS = YES_AGGRESSIVE;
				GCC_WARN_UNUSED_FUNCTION = YES;
				GCC_WARN_UNUSED_VARIABLE = YES;
				IPHONEOS_DEPLOYMENT_TARGET = 12.1;
				MTL_ENABLE_DEBUG_INFO = NO;
				MTL_FAST_MATH = YES;
				SDKROOT = iphoneos;
				SWIFT_COMPILATION_MODE = wholemodule;
				SWIFT_OPTIMIZATION_LEVEL = "-O";
				VALIDATE_PRODUCT = YES;
			};
			name = Release;
		};
		CCED6426237C921D00A1D8C0 /* Debug */ = {
			isa = XCBuildConfiguration;
			buildSettings = {
				ASSETCATALOG_COMPILER_APPICON_NAME = AppIcon;
				CODE_SIGN_STYLE = Automatic;
				DEVELOPMENT_TEAM = W7PH9VUC6D;
				FRAMEWORK_SEARCH_PATHS = (
					"$(inherited)",
					"$(PROJECT_DIR)/../Carthage/Build/iOS",
					"$(PROJECT_DIR)/Carthage/Build/iOS",
				);
				INFOPLIST_FILE = AssignmentDocu/SupportingFiles/Info.plist;
				LD_RUNPATH_SEARCH_PATHS = (
					"$(inherited)",
					"@executable_path/Frameworks",
				);
				PRODUCT_BUNDLE_IDENTIFIER = com.ttg.AssignmentDocu;
				PRODUCT_NAME = "$(TARGET_NAME)";
				SWIFT_VERSION = 4.2;
				TARGETED_DEVICE_FAMILY = "1,2";
			};
			name = Debug;
		};
		CCED6427237C921D00A1D8C0 /* Release */ = {
			isa = XCBuildConfiguration;
			buildSettings = {
				ASSETCATALOG_COMPILER_APPICON_NAME = AppIcon;
				CODE_SIGN_STYLE = Automatic;
				DEVELOPMENT_TEAM = W7PH9VUC6D;
				FRAMEWORK_SEARCH_PATHS = (
					"$(inherited)",
					"$(PROJECT_DIR)/../Carthage/Build/iOS",
					"$(PROJECT_DIR)/Carthage/Build/iOS",
				);
				INFOPLIST_FILE = AssignmentDocu/SupportingFiles/Info.plist;
				LD_RUNPATH_SEARCH_PATHS = (
					"$(inherited)",
					"@executable_path/Frameworks",
				);
				PRODUCT_BUNDLE_IDENTIFIER = com.ttg.AssignmentDocu;
				PRODUCT_NAME = "$(TARGET_NAME)";
				SWIFT_VERSION = 4.2;
				TARGETED_DEVICE_FAMILY = "1,2";
			};
			name = Release;
		};
		CCED6429237C921D00A1D8C0 /* Debug */ = {
			isa = XCBuildConfiguration;
			buildSettings = {
				ALWAYS_EMBED_SWIFT_STANDARD_LIBRARIES = YES;
				BUNDLE_LOADER = "$(TEST_HOST)";
				CODE_SIGN_STYLE = Automatic;
				DEVELOPMENT_TEAM = W7PH9VUC6D;
				INFOPLIST_FILE = AssignmentDocuTests/Info.plist;
				LD_RUNPATH_SEARCH_PATHS = (
					"$(inherited)",
					"@executable_path/Frameworks",
					"@loader_path/Frameworks",
				);
				PRODUCT_BUNDLE_IDENTIFIER = com.ttg.AssignmentDocuTests;
				PRODUCT_NAME = "$(TARGET_NAME)";
				SWIFT_VERSION = 4.2;
				TARGETED_DEVICE_FAMILY = "1,2";
				TEST_HOST = "$(BUILT_PRODUCTS_DIR)/AssignmentDocu.app/AssignmentDocu";
			};
			name = Debug;
		};
		CCED642A237C921D00A1D8C0 /* Release */ = {
			isa = XCBuildConfiguration;
			buildSettings = {
				ALWAYS_EMBED_SWIFT_STANDARD_LIBRARIES = YES;
				BUNDLE_LOADER = "$(TEST_HOST)";
				CODE_SIGN_STYLE = Automatic;
				DEVELOPMENT_TEAM = W7PH9VUC6D;
				INFOPLIST_FILE = AssignmentDocuTests/Info.plist;
				LD_RUNPATH_SEARCH_PATHS = (
					"$(inherited)",
					"@executable_path/Frameworks",
					"@loader_path/Frameworks",
				);
				PRODUCT_BUNDLE_IDENTIFIER = com.ttg.AssignmentDocuTests;
				PRODUCT_NAME = "$(TARGET_NAME)";
				SWIFT_VERSION = 4.2;
				TARGETED_DEVICE_FAMILY = "1,2";
				TEST_HOST = "$(BUILT_PRODUCTS_DIR)/AssignmentDocu.app/AssignmentDocu";
			};
			name = Release;
		};
		CCED642C237C921D00A1D8C0 /* Debug */ = {
			isa = XCBuildConfiguration;
			buildSettings = {
				ALWAYS_EMBED_SWIFT_STANDARD_LIBRARIES = YES;
				CODE_SIGN_STYLE = Automatic;
				DEVELOPMENT_TEAM = W7PH9VUC6D;
				INFOPLIST_FILE = AssignmentDocuUITests/Info.plist;
				LD_RUNPATH_SEARCH_PATHS = (
					"$(inherited)",
					"@executable_path/Frameworks",
					"@loader_path/Frameworks",
				);
				PRODUCT_BUNDLE_IDENTIFIER = com.ttg.AssignmentDocuUITests;
				PRODUCT_NAME = "$(TARGET_NAME)";
				SWIFT_VERSION = 4.2;
				TARGETED_DEVICE_FAMILY = "1,2";
				TEST_TARGET_NAME = AssignmentDocu;
			};
			name = Debug;
		};
		CCED642D237C921D00A1D8C0 /* Release */ = {
			isa = XCBuildConfiguration;
			buildSettings = {
				ALWAYS_EMBED_SWIFT_STANDARD_LIBRARIES = YES;
				CODE_SIGN_STYLE = Automatic;
				DEVELOPMENT_TEAM = W7PH9VUC6D;
				INFOPLIST_FILE = AssignmentDocuUITests/Info.plist;
				LD_RUNPATH_SEARCH_PATHS = (
					"$(inherited)",
					"@executable_path/Frameworks",
					"@loader_path/Frameworks",
				);
				PRODUCT_BUNDLE_IDENTIFIER = com.ttg.AssignmentDocuUITests;
				PRODUCT_NAME = "$(TARGET_NAME)";
				SWIFT_VERSION = 4.2;
				TARGETED_DEVICE_FAMILY = "1,2";
				TEST_TARGET_NAME = AssignmentDocu;
			};
			name = Release;
		};
/* End XCBuildConfiguration section */

/* Begin XCConfigurationList section */
		CCED63F5237C921900A1D8C0 /* Build configuration list for PBXProject "AssignmentDocu" */ = {
			isa = XCConfigurationList;
			buildConfigurations = (
				CCED6423237C921D00A1D8C0 /* Debug */,
				CCED6424237C921D00A1D8C0 /* Release */,
			);
			defaultConfigurationIsVisible = 0;
			defaultConfigurationName = Release;
		};
		CCED6425237C921D00A1D8C0 /* Build configuration list for PBXNativeTarget "AssignmentDocu" */ = {
			isa = XCConfigurationList;
			buildConfigurations = (
				CCED6426237C921D00A1D8C0 /* Debug */,
				CCED6427237C921D00A1D8C0 /* Release */,
			);
			defaultConfigurationIsVisible = 0;
			defaultConfigurationName = Release;
		};
		CCED6428237C921D00A1D8C0 /* Build configuration list for PBXNativeTarget "AssignmentDocuTests" */ = {
			isa = XCConfigurationList;
			buildConfigurations = (
				CCED6429237C921D00A1D8C0 /* Debug */,
				CCED642A237C921D00A1D8C0 /* Release */,
			);
			defaultConfigurationIsVisible = 0;
			defaultConfigurationName = Release;
		};
		CCED642B237C921D00A1D8C0 /* Build configuration list for PBXNativeTarget "AssignmentDocuUITests" */ = {
			isa = XCConfigurationList;
			buildConfigurations = (
				CCED642C237C921D00A1D8C0 /* Debug */,
				CCED642D237C921D00A1D8C0 /* Release */,
			);
			defaultConfigurationIsVisible = 0;
			defaultConfigurationName = Release;
		};
/* End XCConfigurationList section */

/* Begin XCVersionGroup section */
		CCED6404237C921900A1D8C0 /* AssignmentDocu.xcdatamodeld */ = {
			isa = XCVersionGroup;
			children = (
				CCED6405237C921900A1D8C0 /* AssignmentDocu.xcdatamodel */,
			);
			currentVersion = CCED6405237C921900A1D8C0 /* AssignmentDocu.xcdatamodel */;
			path = AssignmentDocu.xcdatamodeld;
			sourceTree = "<group>";
			versionGroupType = wrapper.xcdatamodel;
		};
/* End XCVersionGroup section */
	};
	rootObject = CCED63F2237C921900A1D8C0 /* Project object */;
}
